
Microsoft Visual Studio Solution File, Format Version 12.00
# Visual Studio Version 16
VisualStudioVersion = 16.0.31515.178
MinimumVisualStudioVersion = 10.0.40219.1
Project("{9A19103F-16F7-4668-BE54-9A1E7A4F7556}") = "DataAccess", "DataAccess\DataAccess.csproj", "{1A20C00B-DE13-4B68-84A0-B08010E595CF}"
EndProject
Project("{9A19103F-16F7-4668-BE54-9A1E7A4F7556}") = "Business", "Business\Business.csproj", "{D1AD85E2-9DB3-4F7A-B730-B32F969A2E19}"
EndProject
Project("{9A19103F-16F7-4668-BE54-9A1E7A4F7556}") = "Entities", "Entities\Entities.csproj", "{40E1C538-3555-4B91-840C-C9E9D12E7C47}"
EndProject
Project("{9A19103F-16F7-4668-BE54-9A1E7A4F7556}") = "ConsoleUI", "ConsoleUI\ConsoleUI.csproj", "{5CBC46E5-0A54-4E17-8B48-BEB58FB9A469}"
EndProject
Project("{9A19103F-16F7-4668-BE54-9A1E7A4F7556}") = "Base", "Base\Base.csproj", "{ACF496AF-12E9-45D1-BAE5-AD4D89DC9F32}"
EndProject
Project("{FAE04EC0-301F-11D3-BF4B-00C04F79EFBC}") = "WebAPI", "WebAPI\WebAPI.csproj", "{E0EED577-6883-4CF2-8281-5522AFAB4F7C}"
EndProject
Global
	GlobalSection(SolutionConfigurationPlatforms) = preSolution
		Debug|Any CPU = Debug|Any CPU
		Release|Any CPU = Release|Any CPU
	EndGlobalSection
	GlobalSection(ProjectConfigurationPlatforms) = postSolution
		{1A20C00B-DE13-4B68-84A0-B08010E595CF}.Debug|Any CPU.ActiveCfg = Debug|Any CPU
		{1A20C00B-DE13-4B68-84A0-B08010E595CF}.Debug|Any CPU.Build.0 = Debug|Any CPU
		{1A20C00B-DE13-4B68-84A0-B08010E595CF}.Release|Any CPU.ActiveCfg = Release|Any CPU
		{1A20C00B-DE13-4B68-84A0-B08010E595CF}.Release|Any CPU.Build.0 = Release|Any CPU
		{D1AD85E2-9DB3-4F7A-B730-B32F969A2E19}.Debug|Any CPU.ActiveCfg = Debug|Any CPU
		{D1AD85E2-9DB3-4F7A-B730-B32F969A2E19}.Debug|Any CPU.Build.0 = Debug|Any CPU
		{D1AD85E2-9DB3-4F7A-B730-B32F969A2E19}.Release|Any CPU.ActiveCfg = Release|Any CPU
		{D1AD85E2-9DB3-4F7A-B730-B32F969A2E19}.Release|Any CPU.Build.0 = Release|Any CPU
		{40E1C538-3555-4B91-840C-C9E9D12E7C47}.Debug|Any CPU.ActiveCfg = Debug|Any CPU
		{40E1C538-3555-4B91-840C-C9E9D12E7C47}.Debug|Any CPU.Build.0 = Debug|Any CPU
		{40E1C538-3555-4B91-840C-C9E9D12E7C47}.Release|Any CPU.ActiveCfg = Release|Any CPU
		{40E1C538-3555-4B91-840C-C9E9D12E7C47}.Release|Any CPU.Build.0 = Release|Any CPU
		{5CBC46E5-0A54-4E17-8B48-BEB58FB9A469}.Debug|Any CPU.ActiveCfg = Debug|Any CPU
		{5CBC46E5-0A54-4E17-8B48-BEB58FB9A469}.Debug|Any CPU.Build.0 = Debug|Any CPU
		{5CBC46E5-0A54-4E17-8B48-BEB58FB9A469}.Release|Any CPU.ActiveCfg = Release|Any CPU
		{5CBC46E5-0A54-4E17-8B48-BEB58FB9A469}.Release|Any CPU.Build.0 = Release|Any CPU
		{ACF496AF-12E9-45D1-BAE5-AD4D89DC9F32}.Debug|Any CPU.ActiveCfg = Debug|Any CPU
		{ACF496AF-12E9-45D1-BAE5-AD4D89DC9F32}.Debug|Any CPU.Build.0 = Debug|Any CPU
		{ACF496AF-12E9-45D1-BAE5-AD4D89DC9F32}.Release|Any CPU.ActiveCfg = Release|Any CPU
		{ACF496AF-12E9-45D1-BAE5-AD4D89DC9F32}.Release|Any CPU.Build.0 = Release|Any CPU
		{E0EED577-6883-4CF2-8281-5522AFAB4F7C}.Debug|Any CPU.ActiveCfg = Debug|Any CPU
		{E0EED577-6883-4CF2-8281-5522AFAB4F7C}.Debug|Any CPU.Build.0 = Debug|Any CPU
		{E0EED577-6883-4CF2-8281-5522AFAB4F7C}.Release|Any CPU.ActiveCfg = Release|Any CPU
		{E0EED577-6883-4CF2-8281-5522AFAB4F7C}.Release|Any CPU.Build.0 = Release|Any CPU
	EndGlobalSection
	GlobalSection(SolutionProperties) = preSolution
		HideSolutionNode = FALSE
	EndGlobalSection
	GlobalSection(ExtensibilityGlobals) = postSolution
		SolutionGuid = {8BC5436E-EFB9-4A3B-A388-781A2BCA19F0}
	EndGlobalSection
EndGlobal
